Microsoft Visual Studio Solution File, Format Version 11.00
# Visual Studio 2008

Project("{209F8449-178D-2AC9-856E-F5504ABB9E3A}") = "ARUnity", "Assembly-CSharp.csproj", "{5BA4DD0B-DB86-B16F-26AA-84728C99D068}"
EndProject
Project("{209F8449-178D-2AC9-856E-F5504ABB9E3A}") = "ARUnity", "Assembly-CSharp-Editor.csproj", "{391EEB3E-1C46-D28F-226C-A497B6814C9F}"
EndProject
Global
	GlobalSection(SolutionConfigurationPlatforms) = preSolution
		Debug|Any CPU = Debug|Any CPU
		Release|Any CPU = Release|Any CPU
	EndGlobalSection
	GlobalSection(ProjectConfigurationPlatforms) = postSolution
		{5BA4DD0B-DB86-B16F-26AA-84728C99D068}.Debug|Any CPU.ActiveCfg = Debug|Any CPU
		{5BA4DD0B-DB86-B16F-26AA-84728C99D068}.Debug|Any CPU.Build.0 = Debug|Any CPU
		{5BA4DD0B-DB86-B16F-26AA-84728C99D068}.Release|Any CPU.ActiveCfg = Release|Any CPU
		{5BA4DD0B-DB86-B16F-26AA-84728C99D068}.Release|Any CPU.Build.0 = Release|Any CPU
		{391EEB3E-1C46-D28F-226C-A497B6814C9F}.Debug|Any CPU.ActiveCfg = Debug|Any CPU
		{391EEB3E-1C46-D28F-226C-A497B6814C9F}.Debug|Any CPU.Build.0 = Debug|Any CPU
		{391EEB3E-1C46-D28F-226C-A497B6814C9F}.Release|Any CPU.ActiveCfg = Release|Any CPU
		{391EEB3E-1C46-D28F-226C-A497B6814C9F}.Release|Any CPU.Build.0 = Release|Any CPU
	EndGlobalSection
	GlobalSection(SolutionProperties) = preSolution
		HideSolutionNode = FALSE
	EndGlobalSection
	GlobalSection(MonoDevelopProperties) = preSolution
		StartupItem = Assembly-CSharp.csproj
	EndGlobalSection
EndGlobal
